
Microsoft Visual Studio Solution File, Format Version 12.00
# Visual Studio Version 17
VisualStudioVersion = 17.11.35303.130
MinimumVisualStudioVersion = 10.0.40219.1
Project("{FAE04EC0-301F-11D3-BF4B-00C04F79EFBC}") = "ExercicioAbstracao", "ExercicioAbstracao\ExercicioAbstracao.csproj", "{84F175F0-76BB-47EC-A439-FBBB3DB8697C}"
EndProject
Global
	GlobalSection(SolutionConfigurationPlatforms) = preSolution
		Debug|Any CPU = Debug|Any CPU
		Release|Any CPU = Release|Any CPU
	EndGlobalSection
	GlobalSection(ProjectConfigurationPlatforms) = postSolution
		{84F175F0-76BB-47EC-A439-FBBB3DB8697C}.Debug|Any CPU.ActiveCfg = Debug|Any CPU
		{84F175F0-76BB-47EC-A439-FBBB3DB8697C}.Debug|Any CPU.Build.0 = Debug|Any CPU
		{84F175F0-76BB-47EC-A439-FBBB3DB8697C}.Release|Any CPU.ActiveCfg = Release|Any CPU
		{84F175F0-76BB-47EC-A439-FBBB3DB8697C}.Release|Any CPU.Build.0 = Release|Any CPU
	EndGlobalSection
	GlobalSection(SolutionProperties) = preSolution
		HideSolutionNode = FALSE
	EndGlobalSection
	GlobalSection(ExtensibilityGlobals) = postSolution
		SolutionGuid = {79B775E9-D918-42A7-8BBC-87C9B3A953B7}
	EndGlobalSection
EndGlobal
